
Microsoft Visual Studio Solution File, Format Version 12.00
# Visual Studio Version 17
VisualStudioVersion = 17.6.33712.159
MinimumVisualStudioVersion = 10.0.40219.1
Project("{FAE04EC0-301F-11D3-BF4B-00C04F79EFBC}") = "FRCGroove.Lib", "FRCGroove.Lib\FRCGroove.Lib.csproj", "{BD72F2F6-897C-43C6-933F-A23352EBD1F9}"
EndProject
Project("{FAE04EC0-301F-11D3-BF4B-00C04F79EFBC}") = "FRCGroove.Web", "FRCGroove.Web\FRCGroove.Web.csproj", "{F618828E-C13D-46C3-A7E8-EBE030CC4901}"
EndProject
Global
	GlobalSection(SolutionConfigurationPlatforms) = preSolution
		Debug|Any CPU = Debug|Any CPU
		Release|Any CPU = Release|Any CPU
	EndGlobalSection
	GlobalSection(ProjectConfigurationPlatforms) = postSolution
		{BD72F2F6-897C-43C6-933F-A23352EBD1F9}.Debug|Any CPU.ActiveCfg = Debug|Any CPU
		{BD72F2F6-897C-43C6-933F-A23352EBD1F9}.Debug|Any CPU.Build.0 = Debug|Any CPU
		{BD72F2F6-897C-43C6-933F-A23352EBD1F9}.Release|Any CPU.ActiveCfg = Release|Any CPU
		{BD72F2F6-897C-43C6-933F-A23352EBD1F9}.Release|Any CPU.Build.0 = Release|Any CPU
		{F618828E-C13D-46C3-A7E8-EBE030CC4901}.Debug|Any CPU.ActiveCfg = Debug|Any CPU
		{F618828E-C13D-46C3-A7E8-EBE030CC4901}.Debug|Any CPU.Build.0 = Debug|Any CPU
		{F618828E-C13D-46C3-A7E8-EBE030CC4901}.Release|Any CPU.ActiveCfg = Release|Any CPU
		{F618828E-C13D-46C3-A7E8-EBE030CC4901}.Release|Any CPU.Build.0 = Release|Any CPU
	EndGlobalSection
	GlobalSection(SolutionProperties) = preSolution
		HideSolutionNode = FALSE
	EndGlobalSection
	GlobalSection(ExtensibilityGlobals) = postSolution
		SolutionGuid = {1319424D-C3E0-4DE6-9537-E414886B332A}
	EndGlobalSection
EndGlobal
